# This file was autogenerated by uv via the following command:
#    uv export --frozen --no-dev --no-emit-project --format requirements-txt --output-file requirements.lock
numpy==2.3.5 \
    --hash=sha256:0d8163f43acde9a73c2a33605353a4f1bc4798745a8b1d73183b28e5b435ae28 \
    --hash=sha256:3101e5177d114a593d79dd79658650fe28b5a0d8abeb8ce6f437c0e6df5be1a4 \
    --hash=sha256:3997b5b3c9a771e157f9aae01dd579ee35ad7109be18db0e85dbdbe1de06e952 \
    --hash=sha256:51c1e14eb1e154ebd80e860722f9e6ed6ec89714ad2db2d3aa33c31d7c12179b \
    --hash=sha256:612a95a17655e213502f60cfb9bf9408efdc9eb1d5f50535cc6eb365d11b42b5 \
    --hash=sha256:74ae7b798248fe62021dbf3c914245ad45d1a6b0cb4a29ecb4b31d0bfbc4cc3e \
    --hash=sha256:784db1dcdab56bf0517743e746dfb0f885fc68d948aba86eeec2cba234bdf1c0 \
    --hash=sha256:86945f2ee6d10cdfd67bcb4069c1662dd711f7e2a4343db5cecec06b87cf31aa \
    --hash=sha256:8b973c57ff8e184109db042c842423ff4f60446239bd585a5131cc47f06f789d \
    --hash=sha256:b46b4ec24f7293f23adcd2d146960559aaf8020213de8ad1909dba6c013bf89c \
    --hash=sha256:ee3888d9ff7c14604052b2ca5535a30216aa0a58e948cdd3eeb8d3415f638769 \
    --hash=sha256:f28620fe26bee16243be2b7b874da327312240a7cdc38b769a697578d2100013
    # via
    #   pandas
    #   robomoex
pandas==3.0.1 \
    --hash=sha256:0ab749dfba921edf641d4036c4c21c0b3ea70fea478165cb98a998fb2a261955 \
    --hash=sha256:0f463ebfd8de7f326d38037c7363c6dacb857c5881ab8961fb387804d6daf2f7 \
    --hash=sha256:356e5c055ed9b0da1580d465657bc7d00635af4fd47f30afb23025352ba764d1 \
    --hash=sha256:4186a699674af418f655dbd420ed87f50d56b4cd6603784279d9eef6627823c8 \
    --hash=sha256:476f84f8c20c9f5bc47252b66b4bb25e1a9fc2fa98cead96744d8116cb85771d \
    --hash=sha256:532527a701281b9dd371e2f582ed9094f4c12dd9ffb82c0c54ee28d8ac9520c4 \
    --hash=sha256:536232a5fe26dd989bd633e7a0c450705fdc86a207fec7254a55e9a22950fe43 \
    --hash=sha256:9d810036895f9ad6345b8f2a338dd6998a74e8483847403582cab67745bff821 \
    --hash=sha256:b8e36891080b87823aff3640c78649b91b8ff6eea3c0d70aeabd72ea43ab069b
    # via robomoex
python-dateutil==2.9.0.post0 \
    --hash=sha256:37dd54208da7e1cd875388217d5e00ebd4179249f90fb72437e91a35459a0ad3 \
    --hash=sha256:a8b2bc7bffae282281c8140a97d3aa9c14da0b136dfe83f850eea9a5f7470427
    # via pandas
six==1.17.0 \
    --hash=sha256:4721f391ed90541fddacab5acf947aa0d3dc7d27b2e1e8eda2be8970586c3274 \
    --hash=sha256:ff70335d468e7eb6ec65b95b99d3a2836546063f63acc5171de367e834932a81
    # via python-dateutil
tzdata==2025.3 \
    --hash=sha256:06a47e5700f3081aab02b2e513160914ff0694bce9947d6b76ebd6bf57cfc5d1 \
    --hash=sha256:de39c2ca5dc7b0344f2eba86f49d614019d29f060fc4ebc8a417896a620b56a7
    # via
    #   pandas
    #   robomoex
