version = 1
revision = 2
requires-python = "==3.12.*"
resolution-markers = [
    "sys_platform == 'win32'",
    "sys_platform == 'emscripten'",
    "sys_platform != 'emscripten' and sys_platform != 'win32'",
]

[[package]]
name = "build"
version = "1.2.2.post1"
source = { registry = "https://pypi.org/simple" }
dependencies = [
    { name = "colorama", marker = "os_name == 'nt'" },
    { name = "packaging" },
    { name = "pyproject-hooks" },
]
sdist = { url = "https://files.pythonhosted.org/packages/7d/46/aeab111f8e06793e4f0e421fcad593d547fb8313b50990f31681ee2fb1ad/build-1.2.2.post1.tar.gz", hash = "sha256:b36993e92ca9375a219c99e606a122ff365a760a2d4bba0caa09bd5278b608b7", size = 46701, upload-time = "2024-10-06T17:22:25.251Z" }
wheels = [
    { url = "https://files.pythonhosted.org/packages/84/c2/80633736cd183ee4a62107413def345f7e6e3c01563dbca1417363cf957e/build-1.2.2.post1-py3-none-any.whl", hash = "sha256:1d61c0887fa860c01971625baae8bdd338e517b836a2f70dd1f7aa3a6b2fc5b5", size = 22950, upload-time = "2024-10-06T17:22:23.299Z" },
]

[[package]]
name = "colorama"
version = "0.4.6"
source = { registry = "https://pypi.org/simple" }
sdist = { url = "https://files.pythonhosted.org/packages/d8/53/6f443c9a4a8358a93a6792e2acffb9d9d5cb0a5cfd8802644b7b1c9a02e4/colorama-0.4.6.tar.gz", hash = "sha256:08695f5cb7ed6e0531a20572697297273c47b8cae5a63ffc6d6ed5c201be6e44", size = 27697, upload-time = "2022-10-25T02:36:22.414Z" }
wheels = [
    { url = "https://files.pythonhosted.org/packages/d1/d6/3965ed04c63042e047cb6a3e6ed1a63a35087b6a609aa3a15ed8ac56c221/colorama-0.4.6-py2.py3-none-any.whl", hash = "sha256:4f1d9991f5acc0ca119f9d443620b77f9d6b33703e51011c16baf57afb285fc6", size = 25335, upload-time = "2022-10-25T02:36:20.889Z" },
]

[[package]]
name = "coverage"
version = "7.16.0"
source = { registry = "https://pypi.org/simple" }
sdist = { url = "https://files.pythonhosted.org/packages/d1/f5/deb1a27aa20746c0278ac998c4179e272004699b2d33959ce020c5ac1615/coverage-7.16.0.tar.gz", hash = "sha256:077f0964087883176ff6ab9b074694cae29f8c708273b13ca62c183c6ed716cd", size = 945620, upload-time = "2026-08-28T21:54:37.74Z" }
wheels = [
    { url = "https://files.pythonhosted.org/packages/bc/9c/8d2688694f53dc0b0f0e4783c7eb3c4bb1e79beaf1411879f6dabedf4607/coverage-7.16.0-cp312-cp312-macosx_10_13_x86_64.whl", hash = "sha256:d1c77c3579ac42798f8b7eed6d3dd258debacca32c8753fc8a1f6eaf1db644f5", size = 223194, upload-time = "2026-08-28T21:51:27.767Z" },
    { url = "https://files.pythonhosted.org/packages/ca/11/f002163dd688aa3fa49ac6a424b7c2705c7fcf80fba18ec9f586d77827ca/coverage-7.16.0-cp312-cp312-macosx_11_0_arm64.whl", hash = "sha256:1f81cb1554c3712e41649ed5dc98656b50b958e4da12f0f5adb681ce3db92831", size = 223553, upload-time = "2026-08-28T21:51:29.46Z" },
    { url = "https://files.pythonhosted.org/packages/81/65/f9d469e97c4554372a710650a109004a2434dfc56f577142e5d6057fa0cc/coverage-7.16.0-cp312-cp312-manylinux1_i686.manylinux_2_28_i686.manylinux_2_5_i686.whl", hash = "sha256:6e701938ec9081d3e400a0c9a9a8ae0f7ca44214741daeac4454b1c6ef6dbd19", size = 255054, upload-time = "2026-08-28T21:51:31.54Z" },
    { url = "https://files.pythonhosted.org/packages/95/29/dd89fd39af1a3b6e9a9c3eddeaf03f6376ba517d43d6cbf8b519177e2a10/coverage-7.16.0-cp312-cp312-manylinux1_x86_64.manylinux_2_28_x86_64.manylinux_2_5_x86_64.whl", hash = "sha256:719a3feb6220dd32ed932d4c3676d17fb8739e2643b29c0e7c3af400ff80ac44", size = 257790, upload-time = "2026-08-28T21:51:33.374Z" },
    { url = "https://files.pythonhosted.org/packages/0a/64/208d26cedc525d6b5db9c492cf9130784c42d9eb08d22badaa7b806005ad/coverage-7.16.0-cp312-cp312-manylinux2014_aarch64.manylinux_2_17_aarch64.manylinux_2_28_aarch64.whl", hash = "sha256:87771ecf986cff55e87413238cd5e4f54d949c2074bd6fc1657d26a56314ee24", size = 258904, upload-time = "2026-08-28T21:51:35.096Z" },
    { url = "https://files.pythonhosted.org/packages/1f/98/28e2752aa9a8baee5798edade9c95602ca200f4e7eeb503eb64df42e5921/coverage-7.16.0-cp312-cp312-manylinux2014_ppc64le.manylinux_2_17_ppc64le.manylinux_2_28_ppc64le.whl", hash = "sha256:47d5e1fc0b321c8308a2aacee0497c435b08acaa629b7059798fdf6fc3006352", size = 261165, upload-time = "2026-08-28T21:51:36.744Z" },
    { url = "https://files.pythonhosted.org/packages/eb/77/fa6ae699a0ea2bc12acb38a85d96b786fea0f833c12b5756056350e0e547/coverage-7.16.0-cp312-cp312-manylinux_2_31_riscv64.manylinux_2_39_riscv64.whl", hash = "sha256:01b18b8a6c9cec8d5f45550e2501426ed982cf2c35016b0acd2ba9b5d8b2fb06", size = 255416, upload-time = "2026-08-28T21:51:38.495Z" },
    { url = "https://files.pythonhosted.org/packages/89/c8/5ee46d1de7d34cb00ba08b5c50da1971114dbc09ca9898ccc32975ec74dd/coverage-7.16.0-cp312-cp312-musllinux_1_2_aarch64.whl", hash = "sha256:32c56b5b47c50635081445ac404dd08c2d591b9c837c22570aa9e182c3b42cd4", size = 256825, upload-time = "2026-08-28T21:51:40.27Z" },
    { url = "https://files.pythonhosted.org/packages/15/f6/d59e1c0693ad48855fe20169fbf6ee5befefe5887a7fabf5f0bcb464a2dc/coverage-7.16.0-cp312-cp312-musllinux_1_2_i686.whl", hash = "sha256:6ad3bbad240ab937512156bc944fdee63ac4dd34a7558a3094548fd4c1150c02", size = 254970, upload-time = "2026-08-28T21:51:43.136Z" },
    { url = "https://files.pythonhosted.org/packages/df/7b/b51bbe05b3a7565927fccfb1be42b8b3c1f4ab15e53d91b303e9923969aa/coverage-7.16.0-cp312-cp312-musllinux_1_2_ppc64le.whl", hash = "sha256:4c1f16d5555a195295d0dc9c902612270e3dfed6a11f3bf7bc470b7b6a79ed3c", size = 259039, upload-time = "2026-08-28T21:51:44.983Z" },
    { url = "https://files.pythonhosted.org/packages/fa/04/d513f816456a8a43c1859abe88a37d01d7d2515b6c3e24ebb3c9b1dd44ec/coverage-7.16.0-cp312-cp312-musllinux_1_2_riscv64.whl", hash = "sha256:f6c9c21a8bf0d19788f3c5f3e020c90317a0a63ef60521b376003801e21250fb", size = 254539, upload-time = "2026-08-28T21:51:46.733Z" },
    { url = "https://files.pythonhosted.org/packages/dc/54/5542190ceb97e0d1333a4ce0c8f95b2ef2efe790f1ad018a4b61766f849e/coverage-7.16.0-cp312-cp312-musllinux_1_2_x86_64.whl", hash = "sha256:06f20145a9eb5bf1fd1dde3c0bc2af2e7c22135ab07ca6284d6ada7cc3904c4e", size = 256410, upload-time = "2026-08-28T21:51:48.363Z" },
    { url = "https://files.pythonhosted.org/packages/ee/28/78643f361ff6bb5b2ade90f8bfc8395fe9ca367a18c101f8991215b4c65b/coverage-7.16.0-cp312-cp312-win32.whl", hash = "sha256:916cf8d25c1ce148f7eceb1d45afc9724841200110adc4e53250391852debd91", size = 225239, upload-time = "2026-08-28T21:51:50.22Z" },
    { url = "https://files.pythonhosted.org/packages/67/61/8e76b36c36b1a033dc933dd2480db96b04ce3be975793ce3fad122e7174d/coverage-7.16.0-cp312-cp312-win_amd64.whl", hash = "sha256:78f8b56261d608be102c62edd3a60b66bcd0b581f3f86fdcabaf8b8d95adc950", size = 225775, upload-time = "2026-08-28T21:51:51.912Z" },
    { url = "https://files.pythonhosted.org/packages/c8/f3/bb4787a4b81c1792ca69b502f5f730dbbb609f73fed552ab074c6b92cb8b/coverage-7.16.0-cp312-cp312-win_arm64.whl", hash = "sha256:577c2ac8c0036f6f8edd3a7783a9e67302b17771d1abf0fd2ed246e3158be51b", size = 225159, upload-time = "2026-08-28T21:51:53.667Z" },
    { url = "https://files.pythonhosted.org/packages/b1/5a/234e8fadf85c3cc48cb31c247b9e8e0c7f06ece80f5b29f9b8c241f9da4c/coverage-7.16.0-py3-none-any.whl", hash = "sha256:245f7de6d023a5bba375dbec9f2e0869bfa26ac0cc639bbb7b4c814884000b73", size = 214977, upload-time = "2026-08-28T21:54:35.189Z" },
]

[[package]]
name = "hatchling"
version = "1.27.0"
source = { registry = "https://pypi.org/simple" }
dependencies = [
    { name = "packaging" },
    { name = "pathspec" },
    { name = "pluggy" },
    { name = "trove-classifiers" },
]
sdist = { url = "https://files.pythonhosted.org/packages/8f/8a/cc1debe3514da292094f1c3a700e4ca25442489731ef7c0814358816bb03/hatchling-1.27.0.tar.gz", hash = "sha256:971c296d9819abb3811112fc52c7a9751c8d381898f36533bb16f9791e941fd6", size = 54983, upload-time = "2024-12-15T17:08:11.894Z" }
wheels = [
    { url = "https://files.pythonhosted.org/packages/08/e7/ae38d7a6dfba0533684e0b2136817d667588ae3ec984c1a4e5df5eb88482/hatchling-1.27.0-py3-none-any.whl", hash = "sha256:d3a2f3567c4f926ea39849cdf924c7e99e6686c9c8e288ae1037c8fa2a5d937b", size = 75794, upload-time = "2024-12-15T17:08:10.364Z" },
]

[[package]]
name = "iniconfig"
version = "2.3.0"
source = { registry = "https://pypi.org/simple" }
sdist = { url = "https://files.pythonhosted.org/packages/72/34/14ca021ce8e5dfedc35312d08ba8bf51fdd999c576889fc2c24cb97f4f10/iniconfig-2.3.0.tar.gz", hash = "sha256:c76315c77db068650d49c5b56314774a7804df16fee4402c1f19d6d15d8c4730", size = 20503, upload-time = "2025-10-18T21:55:43.219Z" }
wheels = [
    { url = "https://files.pythonhosted.org/packages/cb/b1/3846dd7f199d53cb17f49cba7e651e9ce294d8497c8c150530ed11865bb8/iniconfig-2.3.0-py3-none-any.whl", hash = "sha256:f631c04d2c48c52b84d0d0549c99ff3859c98df65b3101406327ecc7d53fbf12", size = 7484, upload-time = "2025-10-18T21:55:41.639Z" },
]

[[package]]
name = "numpy"
version = "2.3.5"
source = { registry = "https://pypi.org/simple" }
sdist = { url = "https://files.pythonhosted.org/packages/76/65/21b3bc86aac7b8f2862db1e808f1ea22b028e30a225a34a5ede9bf8678f2/numpy-2.3.5.tar.gz", hash = "sha256:784db1dcdab56bf0517743e746dfb0f885fc68d948aba86eeec2cba234bdf1c0", size = 20584950, upload-time = "2025-11-16T22:52:42.067Z" }
wheels = [
    { url = "https://files.pythonhosted.org/packages/44/37/e669fe6cbb2b96c62f6bbedc6a81c0f3b7362f6a59230b23caa673a85721/numpy-2.3.5-cp312-cp312-macosx_10_13_x86_64.whl", hash = "sha256:74ae7b798248fe62021dbf3c914245ad45d1a6b0cb4a29ecb4b31d0bfbc4cc3e", size = 16733873, upload-time = "2025-11-16T22:49:49.84Z" },
    { url = "https://files.pythonhosted.org/packages/c5/65/df0db6c097892c9380851ab9e44b52d4f7ba576b833996e0080181c0c439/numpy-2.3.5-cp312-cp312-macosx_11_0_arm64.whl", hash = "sha256:ee3888d9ff7c14604052b2ca5535a30216aa0a58e948cdd3eeb8d3415f638769", size = 12259838, upload-time = "2025-11-16T22:49:52.863Z" },
    { url = "https://files.pythonhosted.org/packages/5b/e1/1ee06e70eb2136797abe847d386e7c0e830b67ad1d43f364dd04fa50d338/numpy-2.3.5-cp312-cp312-macosx_14_0_arm64.whl", hash = "sha256:612a95a17655e213502f60cfb9bf9408efdc9eb1d5f50535cc6eb365d11b42b5", size = 5088378, upload-time = "2025-11-16T22:49:55.055Z" },
    { url = "https://files.pythonhosted.org/packages/6d/9c/1ca85fb86708724275103b81ec4cf1ac1d08f465368acfc8da7ab545bdae/numpy-2.3.5-cp312-cp312-macosx_14_0_x86_64.whl", hash = "sha256:3101e5177d114a593d79dd79658650fe28b5a0d8abeb8ce6f437c0e6df5be1a4", size = 6628559, upload-time = "2025-11-16T22:49:57.371Z" },
    { url = "https://files.pythonhosted.org/packages/74/78/fcd41e5a0ce4f3f7b003da85825acddae6d7ecb60cf25194741b036ca7d6/numpy-2.3.5-cp312-cp312-manylinux_2_27_aarch64.manylinux_2_28_aarch64.whl", hash = "sha256:8b973c57ff8e184109db042c842423ff4f60446239bd585a5131cc47f06f789d", size = 14250702, upload-time = "2025-11-16T22:49:59.632Z" },
    { url = "https://files.pythonhosted.org/packages/b6/23/2a1b231b8ff672b4c450dac27164a8b2ca7d9b7144f9c02d2396518352eb/numpy-2.3.5-cp312-cp312-manylinux_2_27_x86_64.manylinux_2_28_x86_64.whl", hash = "sha256:0d8163f43acde9a73c2a33605353a4f1bc4798745a8b1d73183b28e5b435ae28", size = 16606086, upload-time = "2025-11-16T22:50:02.127Z" },
    { url = "https://files.pythonhosted.org/packages/a0/c5/5ad26fbfbe2012e190cc7d5003e4d874b88bb18861d0829edc140a713021/numpy-2.3.5-cp312-cp312-musllinux_1_2_aarch64.whl", hash = "sha256:51c1e14eb1e154ebd80e860722f9e6ed6ec89714ad2db2d3aa33c31d7c12179b", size = 16025985, upload-time = "2025-11-16T22:50:04.536Z" },
    { url = "https://files.pythonhosted.org/packages/d2/fa/dd48e225c46c819288148d9d060b047fd2a6fb1eb37eae25112ee4cb4453/numpy-2.3.5-cp312-cp312-musllinux_1_2_x86_64.whl", hash = "sha256:b46b4ec24f7293f23adcd2d146960559aaf8020213de8ad1909dba6c013bf89c", size = 18542976, upload-time = "2025-11-16T22:50:07.557Z" },
    { url = "https://files.pythonhosted.org/packages/05/79/ccbd23a75862d95af03d28b5c6901a1b7da4803181513d52f3b86ed9446e/numpy-2.3.5-cp312-cp312-win32.whl", hash = "sha256:3997b5b3c9a771e157f9aae01dd579ee35ad7109be18db0e85dbdbe1de06e952", size = 6285274, upload-time = "2025-11-16T22:50:10.746Z" },
    { url = "https://files.pythonhosted.org/packages/2d/57/8aeaf160312f7f489dea47ab61e430b5cb051f59a98ae68b7133ce8fa06a/numpy-2.3.5-cp312-cp312-win_amd64.whl", hash = "sha256:86945f2ee6d10cdfd67bcb4069c1662dd711f7e2a4343db5cecec06b87cf31aa", size = 12782922, upload-time = "2025-11-16T22:50:12.811Z" },
    { url = "https://files.pythonhosted.org/packages/78/a6/aae5cc2ca78c45e64b9ef22f089141d661516856cf7c8a54ba434576900d/numpy-2.3.5-cp312-cp312-win_arm64.whl", hash = "sha256:f28620fe26bee16243be2b7b874da327312240a7cdc38b769a697578d2100013", size = 10194667, upload-time = "2025-11-16T22:50:16.16Z" },
]

[[package]]
name = "packaging"
version = "26.3"
source = { registry = "https://pypi.org/simple" }
sdist = { url = "https://files.pythonhosted.org/packages/7d/fa/3944b40b07da9ce895c0e6303a5ab7d53da063554f534556b134a54d6093/packaging-26.3.tar.gz", hash = "sha256:94edc256424af38762eb31306eed28beb9f0efc50a8837492c9d6fd6004aed79", size = 313412, upload-time = "2026-08-04T18:15:28.737Z" }
wheels = [
    { url = "https://files.pythonhosted.org/packages/63/34/ba1c580383c9eada3711951fef0795c80b829a078d72188184bcab9dd527/packaging-26.3-py3-none-any.whl", hash = "sha256:d7193f7c8e4e93f444fde0262bf90af30e16fa0ad0ad44cb553c87339b23cd1c", size = 129956, upload-time = "2026-08-04T18:15:27.159Z" },
]

[[package]]
name = "pandas"
version = "3.0.1"
source = { registry = "https://pypi.org/simple" }
dependencies = [
    { name = "numpy" },
    { name = "python-dateutil" },
    { name = "tzdata", marker = "sys_platform == 'emscripten' or sys_platform == 'win32'" },
]
sdist = { url = "https://files.pythonhosted.org/packages/2e/0c/b28ed414f080ee0ad153f848586d61d1878f91689950f037f976ce15f6c8/pandas-3.0.1.tar.gz", hash = "sha256:4186a699674af418f655dbd420ed87f50d56b4cd6603784279d9eef6627823c8", size = 4641901, upload-time = "2026-02-17T22:20:16.434Z" }
wheels = [
    { url = "https://files.pythonhosted.org/packages/37/51/b467209c08dae2c624873d7491ea47d2b47336e5403309d433ea79c38571/pandas-3.0.1-cp312-cp312-macosx_10_13_x86_64.whl", hash = "sha256:476f84f8c20c9f5bc47252b66b4bb25e1a9fc2fa98cead96744d8116cb85771d", size = 10344357, upload-time = "2026-02-17T22:18:38.262Z" },
    { url = "https://files.pythonhosted.org/packages/7c/f1/e2567ffc8951ab371db2e40b2fe068e36b81d8cf3260f06ae508700e5504/pandas-3.0.1-cp312-cp312-macosx_11_0_arm64.whl", hash = "sha256:0ab749dfba921edf641d4036c4c21c0b3ea70fea478165cb98a998fb2a261955", size = 9884543, upload-time = "2026-02-17T22:18:41.476Z" },
    { url = "https://files.pythonhosted.org/packages/d7/39/327802e0b6d693182403c144edacbc27eb82907b57062f23ef5a4c4a5ea7/pandas-3.0.1-cp312-cp312-manylinux_2_24_aarch64.manylinux_2_28_aarch64.whl", hash = "sha256:b8e36891080b87823aff3640c78649b91b8ff6eea3c0d70aeabd72ea43ab069b", size = 10396030, upload-time = "2026-02-17T22:18:43.822Z" },
    { url = "https://files.pythonhosted.org/packages/3d/fe/89d77e424365280b79d99b3e1e7d606f5165af2f2ecfaf0c6d24c799d607/pandas-3.0.1-cp312-cp312-manylinux_2_24_x86_64.manylinux_2_28_x86_64.whl", hash = "sha256:532527a701281b9dd371e2f582ed9094f4c12dd9ffb82c0c54ee28d8ac9520c4", size = 10876435, upload-time = "2026-02-17T22:18:45.954Z" },
    { url = "https://files.pythonhosted.org/packages/b5/a6/2a75320849dd154a793f69c951db759aedb8d1dd3939eeacda9bdcfa1629/pandas-3.0.1-cp312-cp312-musllinux_1_2_aarch64.whl", hash = "sha256:356e5c055ed9b0da1580d465657bc7d00635af4fd47f30afb23025352ba764d1", size = 11405133, upload-time = "2026-02-17T22:18:48.533Z" },
    { url = "https://files.pythonhosted.org/packages/58/53/1d68fafb2e02d7881df66aa53be4cd748d25cbe311f3b3c85c93ea5d30ca/pandas-3.0.1-cp312-cp312-musllinux_1_2_x86_64.whl", hash = "sha256:9d810036895f9ad6345b8f2a338dd6998a74e8483847403582cab67745bff821", size = 11932065, upload-time = "2026-02-17T22:18:50.837Z" },
    { url = "https://files.pythonhosted.org/packages/75/08/67cc404b3a966b6df27b38370ddd96b3b023030b572283d035181854aac5/pandas-3.0.1-cp312-cp312-win_amd64.whl", hash = "sha256:536232a5fe26dd989bd633e7a0c450705fdc86a207fec7254a55e9a22950fe43", size = 9741627, upload-time = "2026-02-17T22:18:53.905Z" },
    { url = "https://files.pythonhosted.org/packages/86/4f/caf9952948fb00d23795f09b893d11f1cacb384e666854d87249530f7cbe/pandas-3.0.1-cp312-cp312-win_arm64.whl", hash = "sha256:0f463ebfd8de7f326d38037c7363c6dacb857c5881ab8961fb387804d6daf2f7", size = 9052483, upload-time = "2026-02-17T22:18:57.31Z" },
]

[[package]]
name = "pathspec"
version = "1.1.1"
source = { registry = "https://pypi.org/simple" }
sdist = { url = "https://files.pythonhosted.org/packages/5a/82/42f767fc1c1143d6fd36efb827202a2d997a375e160a71eb2888a925aac1/pathspec-1.1.1.tar.gz", hash = "sha256:17db5ecd524104a120e173814c90367a96a98d07c45b2e10c2f3919fff91bf5a", size = 135180, upload-time = "2026-04-27T01:46:08.907Z" }
wheels = [
    { url = "https://files.pythonhosted.org/packages/f1/d9/7fb5aa316bc299258e68c73ba3bddbc499654a07f151cba08f6153988714/pathspec-1.1.1-py3-none-any.whl", hash = "sha256:a00ce642f577bf7f473932318056212bc4f8bfdf53128c78bbd5af0b9b20b189", size = 57328, upload-time = "2026-04-27T01:46:07.06Z" },
]

[[package]]
name = "pluggy"
version = "1.6.0"
source = { registry = "https://pypi.org/simple" }
sdist = { url = "https://files.pythonhosted.org/packages/f9/e2/3e91f31a7d2b083fe6ef3fa267035b518369d9511ffab804f839851d2779/pluggy-1.6.0.tar.gz", hash = "sha256:7dcc130b76258d33b90f61b658791dede3486c3e6bfb003ee5c9bfb396dd22f3", size = 69412, upload-time = "2025-05-15T12:30:07.975Z" }
wheels = [
    { url = "https://files.pythonhosted.org/packages/54/20/4d324d65cc6d9205fabedc306948156824eb9f0ee1633355a8f7ec5c66bf/pluggy-1.6.0-py3-none-any.whl", hash = "sha256:e920276dd6813095e9377c0bc5566d94c932c33b27a3e3945d8389c374dd4746", size = 20538, upload-time = "2025-05-15T12:30:06.134Z" },
]

[[package]]
name = "pyproject-hooks"
version = "1.2.0"
source = { registry = "https://pypi.org/simple" }
sdist = { url = "https://files.pythonhosted.org/packages/e7/82/28175b2414effca1cdac8dc99f76d660e7a4fb0ceefa4b4ab8f5f6742925/pyproject_hooks-1.2.0.tar.gz", hash = "sha256:1e859bd5c40fae9448642dd871adf459e5e2084186e8d2c2a79a824c970da1f8", size = 19228, upload-time = "2024-09-29T09:24:13.293Z" }
wheels = [
    { url = "https://files.pythonhosted.org/packages/bd/24/12818598c362d7f300f18e74db45963dbcb85150324092410c8b49405e42/pyproject_hooks-1.2.0-py3-none-any.whl", hash = "sha256:9e5c6bfa8dcc30091c74b0cf803c81fdd29d94f01992a7707bc97babb1141913", size = 10216, upload-time = "2024-09-29T09:24:11.978Z" },
]

[[package]]
name = "pytest"
version = "8.3.5"
source = { registry = "https://pypi.org/simple" }
dependencies = [
    { name = "colorama", marker = "sys_platform == 'win32'" },
    { name = "iniconfig" },
    { name = "packaging" },
    { name = "pluggy" },
]
sdist = { url = "https://files.pythonhosted.org/packages/ae/3c/c9d525a414d506893f0cd8a8d0de7706446213181570cdbd766691164e40/pytest-8.3.5.tar.gz", hash = "sha256:f4efe70cc14e511565ac476b57c279e12a855b11f48f212af1080ef2263d3845", size = 1450891, upload-time = "2025-03-02T12:54:54.503Z" }
wheels = [
    { url = "https://files.pythonhosted.org/packages/30/3d/64ad57c803f1fa1e963a7946b6e0fea4a70df53c1a7fed304586539c2bac/pytest-8.3.5-py3-none-any.whl", hash = "sha256:c69214aa47deac29fad6c2a4f590b9c4a9fdb16a403176fe154b79c0b4d4d820", size = 343634, upload-time = "2025-03-02T12:54:52.069Z" },
]

[[package]]
name = "pytest-cov"
version = "6.1.1"
source = { registry = "https://pypi.org/simple" }
dependencies = [
    { name = "coverage" },
    { name = "pytest" },
]
sdist = { url = "https://files.pythonhosted.org/packages/25/69/5f1e57f6c5a39f81411b550027bf72842c4567ff5fd572bed1edc9e4b5d9/pytest_cov-6.1.1.tar.gz", hash = "sha256:46935f7aaefba760e716c2ebfbe1c216240b9592966e7da99ea8292d4d3e2a0a", size = 66857, upload-time = "2025-04-05T14:07:51.592Z" }
wheels = [
    { url = "https://files.pythonhosted.org/packages/28/d0/def53b4a790cfb21483016430ed828f64830dd981ebe1089971cd10cab25/pytest_cov-6.1.1-py3-none-any.whl", hash = "sha256:bddf29ed2d0ab6f4df17b4c55b0a657287db8684af9c42ea546b21b1041b3dde", size = 23841, upload-time = "2025-04-05T14:07:49.641Z" },
]

[[package]]
name = "python-dateutil"
version = "2.9.0.post0"
source = { registry = "https://pypi.org/simple" }
dependencies = [
    { name = "six" },
]
sdist = { url = "https://files.pythonhosted.org/packages/66/c0/0c8b6ad9f17a802ee498c46e004a0eb49bc148f2fd230864601a86dcf6db/python-dateutil-2.9.0.post0.tar.gz", hash = "sha256:37dd54208da7e1cd875388217d5e00ebd4179249f90fb72437e91a35459a0ad3", size = 342432, upload-time = "2024-03-01T18:36:20.211Z" }
wheels = [
    { url = "https://files.pythonhosted.org/packages/ec/57/56b9bcc3c9c6a792fcbaf139543cee77261f3651ca9da0c93f5c1221264b/python_dateutil-2.9.0.post0-py2.py3-none-any.whl", hash = "sha256:a8b2bc7bffae282281c8140a97d3aa9c14da0b136dfe83f850eea9a5f7470427", size = 229892, upload-time = "2024-03-01T18:36:18.57Z" },
]

[[package]]
name = "robomoex"
version = "0.1.0"
source = { editable = "." }
dependencies = [
    { name = "numpy" },
    { name = "pandas" },
    { name = "tzdata" },
]

[package.optional-dependencies]
dev = [
    { name = "build" },
    { name = "hatchling" },
    { name = "pytest" },
    { name = "pytest-cov" },
    { name = "ruff" },
]

[package.metadata]
requires-dist = [
    { name = "build", marker = "extra == 'dev'", specifier = "==1.2.2.post1" },
    { name = "hatchling", marker = "extra == 'dev'", specifier = "==1.27.0" },
    { name = "numpy", specifier = "==2.3.5" },
    { name = "pandas", specifier = "==3.0.1" },
    { name = "pytest", marker = "extra == 'dev'", specifier = "==8.3.5" },
    { name = "pytest-cov", marker = "extra == 'dev'", specifier = "==6.1.1" },
    { name = "ruff", marker = "extra == 'dev'", specifier = "==0.11.13" },
    { name = "tzdata", specifier = "==2025.3" },
]
provides-extras = ["dev"]

[[package]]
name = "ruff"
version = "0.11.13"
source = { registry = "https://pypi.org/simple" }
sdist = { url = "https://files.pythonhosted.org/packages/ed/da/9c6f995903b4d9474b39da91d2d626659af3ff1eeb43e9ae7c119349dba6/ruff-0.11.13.tar.gz", hash = "sha256:26fa247dc68d1d4e72c179e08889a25ac0c7ba4d78aecfc835d49cbfd60bf514", size = 4282054, upload-time = "2025-06-05T21:00:15.721Z" }
wheels = [
    { url = "https://files.pythonhosted.org/packages/7d/ce/a11d381192966e0b4290842cc8d4fac7dc9214ddf627c11c1afff87da29b/ruff-0.11.13-py3-none-linux_armv6l.whl", hash = "sha256:4bdfbf1240533f40042ec00c9e09a3aade6f8c10b6414cf11b519488d2635d46", size = 10292516, upload-time = "2025-06-05T20:59:32.944Z" },
    { url = "https://files.pythonhosted.org/packages/78/db/87c3b59b0d4e753e40b6a3b4a2642dfd1dcaefbff121ddc64d6c8b47ba00/ruff-0.11.13-py3-none-macosx_10_12_x86_64.whl", hash = "sha256:aef9c9ed1b5ca28bb15c7eac83b8670cf3b20b478195bd49c8d756ba0a36cf48", size = 11106083, upload-time = "2025-06-05T20:59:37.03Z" },
    { url = "https://files.pythonhosted.org/packages/77/79/d8cec175856ff810a19825d09ce700265f905c643c69f45d2b737e4a470a/ruff-0.11.13-py3-none-macosx_11_0_arm64.whl", hash = "sha256:53b15a9dfdce029c842e9a5aebc3855e9ab7771395979ff85b7c1dedb53ddc2b", size = 10436024, upload-time = "2025-06-05T20:59:39.741Z" },
    { url = "https://files.pythonhosted.org/packages/8b/5b/f6d94f2980fa1ee854b41568368a2e1252681b9238ab2895e133d303538f/ruff-0.11.13-py3-none-manylinux_2_17_aarch64.manylinux2014_aarch64.whl", hash = "sha256:ab153241400789138d13f362c43f7edecc0edfffce2afa6a68434000ecd8f69a", size = 10646324, upload-time = "2025-06-05T20:59:42.185Z" },
    { url = "https://files.pythonhosted.org/packages/6c/9c/b4c2acf24ea4426016d511dfdc787f4ce1ceb835f3c5fbdbcb32b1c63bda/ruff-0.11.13-py3-none-manylinux_2_17_armv7l.manylinux2014_armv7l.whl", hash = "sha256:6c51f93029d54a910d3d24f7dd0bb909e31b6cd989a5e4ac513f4eb41629f0dc", size = 10174416, upload-time = "2025-06-05T20:59:44.319Z" },
    { url = "https://files.pythonhosted.org/packages/f3/10/e2e62f77c65ede8cd032c2ca39c41f48feabedb6e282bfd6073d81bb671d/ruff-0.11.13-py3-none-manylinux_2_17_i686.manylinux2014_i686.whl", hash = "sha256:1808b3ed53e1a777c2ef733aca9051dc9bf7c99b26ece15cb59a0320fbdbd629", size = 11724197, upload-time = "2025-06-05T20:59:46.935Z" },
    { url = "https://files.pythonhosted.org/packages/bb/f0/466fe8469b85c561e081d798c45f8a1d21e0b4a5ef795a1d7f1a9a9ec182/ruff-0.11.13-py3-none-manylinux_2_17_ppc64.manylinux2014_ppc64.whl", hash = "sha256:d28ce58b5ecf0f43c1b71edffabe6ed7f245d5336b17805803312ec9bc665933", size = 12511615, upload-time = "2025-06-05T20:59:49.534Z" },
    { url = "https://files.pythonhosted.org/packages/17/0e/cefe778b46dbd0cbcb03a839946c8f80a06f7968eb298aa4d1a4293f3448/ruff-0.11.13-py3-none-manylinux_2_17_ppc64le.manylinux2014_ppc64le.whl", hash = "sha256:55e4bc3a77842da33c16d55b32c6cac1ec5fb0fbec9c8c513bdce76c4f922165", size = 12117080, upload-time = "2025-06-05T20:59:51.654Z" },
    { url = "https://files.pythonhosted.org/packages/5d/2c/caaeda564cbe103bed145ea557cb86795b18651b0f6b3ff6a10e84e5a33f/ruff-0.11.13-py3-none-manylinux_2_17_s390x.manylinux2014_s390x.whl", hash = "sha256:633bf2c6f35678c56ec73189ba6fa19ff1c5e4807a78bf60ef487b9dd272cc71", size = 11326315, upload-time = "2025-06-05T20:59:54.469Z" },
    { url = "https://files.pythonhosted.org/packages/75/f0/782e7d681d660eda8c536962920c41309e6dd4ebcea9a2714ed5127d44bd/ruff-0.11.13-py3-none-manylinux_2_17_x86_64.manylinux2014_x86_64.whl", hash = "sha256:4ffbc82d70424b275b089166310448051afdc6e914fdab90e08df66c43bb5ca9", size = 11555640, upload-time = "2025-06-05T20:59:56.986Z" },
    { url = "https://files.pythonhosted.org/packages/5d/d4/3d580c616316c7f07fb3c99dbecfe01fbaea7b6fd9a82b801e72e5de742a/ruff-0.11.13-py3-none-musllinux_1_2_aarch64.whl", hash = "sha256:4a9ddd3ec62a9a89578c85842b836e4ac832d4a2e0bfaad3b02243f930ceafcc", size = 10507364, upload-time = "2025-06-05T20:59:59.154Z" },
    { url = "https://files.pythonhosted.org/packages/5a/dc/195e6f17d7b3ea6b12dc4f3e9de575db7983db187c378d44606e5d503319/ruff-0.11.13-py3-none-musllinux_1_2_armv7l.whl", hash = "sha256:d237a496e0778d719efb05058c64d28b757c77824e04ffe8796c7436e26712b7", size = 10141462, upload-time = "2025-06-05T21:00:01.481Z" },
    { url = "https://files.pythonhosted.org/packages/f4/8e/39a094af6967faa57ecdeacb91bedfb232474ff8c3d20f16a5514e6b3534/ruff-0.11.13-py3-none-musllinux_1_2_i686.whl", hash = "sha256:26816a218ca6ef02142343fd24c70f7cd8c5aa6c203bca284407adf675984432", size = 11121028, upload-time = "2025-06-05T21:00:04.06Z" },
    { url = "https://files.pythonhosted.org/packages/5a/c0/b0b508193b0e8a1654ec683ebab18d309861f8bd64e3a2f9648b80d392cb/ruff-0.11.13-py3-none-musllinux_1_2_x86_64.whl", hash = "sha256:51c3f95abd9331dc5b87c47ac7f376db5616041173826dfd556cfe3d4977f492", size = 11602992, upload-time = "2025-06-05T21:00:06.249Z" },
    { url = "https://files.pythonhosted.org/packages/7c/91/263e33ab93ab09ca06ce4f8f8547a858cc198072f873ebc9be7466790bae/ruff-0.11.13-py3-none-win32.whl", hash = "sha256:96c27935418e4e8e77a26bb05962817f28b8ef3843a6c6cc49d8783b5507f250", size = 10474944, upload-time = "2025-06-05T21:00:08.459Z" },
    { url = "https://files.pythonhosted.org/packages/46/f4/7c27734ac2073aae8efb0119cae6931b6fb48017adf048fdf85c19337afc/ruff-0.11.13-py3-none-win_amd64.whl", hash = "sha256:29c3189895a8a6a657b7af4e97d330c8a3afd2c9c8f46c81e2fc5a31866517e3", size = 11548669, upload-time = "2025-06-05T21:00:11.147Z" },
    { url = "https://files.pythonhosted.org/packages/ec/bf/b273dd11673fed8a6bd46032c0ea2a04b2ac9bfa9c628756a5856ba113b0/ruff-0.11.13-py3-none-win_arm64.whl", hash = "sha256:b4385285e9179d608ff1d2fb9922062663c658605819a6876d8beef0c30b7f3b", size = 10683928, upload-time = "2025-06-05T21:00:13.758Z" },
]

[[package]]
name = "six"
version = "1.17.0"
source = { registry = "https://pypi.org/simple" }
sdist = { url = "https://files.pythonhosted.org/packages/94/e7/b2c673351809dca68a0e064b6af791aa332cf192da575fd474ed7d6f16a2/six-1.17.0.tar.gz", hash = "sha256:ff70335d468e7eb6ec65b95b99d3a2836546063f63acc5171de367e834932a81", size = 34031, upload-time = "2024-12-04T17:35:28.174Z" }
wheels = [
    { url = "https://files.pythonhosted.org/packages/b7/ce/149a00dd41f10bc29e5921b496af8b574d8413afcd5e30dfa0ed46c2cc5e/six-1.17.0-py2.py3-none-any.whl", hash = "sha256:4721f391ed90541fddacab5acf947aa0d3dc7d27b2e1e8eda2be8970586c3274", size = 11050, upload-time = "2024-12-04T17:35:26.475Z" },
]

[[package]]
name = "trove-classifiers"
version = "2026.6.1.19"
source = { registry = "https://pypi.org/simple" }
sdist = { url = "https://files.pythonhosted.org/packages/c2/e3/7ca82ee24c82d344584abd5b8637b3bd056f2900226e8d82fc22f1184b92/trove_classifiers-2026.6.1.19.tar.gz", hash = "sha256:c5132b4b61a829d11cfbd2d72e97f20a45ed6edb95e45c5efdeb5e00836b2745", size = 17059, upload-time = "2026-06-01T19:41:34.649Z" }
wheels = [
    { url = "https://files.pythonhosted.org/packages/7c/a4/81502f486f01db95bc8320646a8a12511f5e556cb63d5e224d91816605c4/trove_classifiers-2026.6.1.19-py3-none-any.whl", hash = "sha256:ab4c4ec93cc4a4e7815fa759906e05e6bb3f2fbd92ea0f897288c6a43efd15b3", size = 14211, upload-time = "2026-06-01T19:41:33.434Z" },
]

[[package]]
name = "tzdata"
version = "2025.3"
source = { registry = "https://pypi.org/simple" }
sdist = { url = "https://files.pythonhosted.org/packages/5e/a7/c202b344c5ca7daf398f3b8a477eeb205cf3b6f32e7ec3a6bac0629ca975/tzdata-2025.3.tar.gz", hash = "sha256:de39c2ca5dc7b0344f2eba86f49d614019d29f060fc4ebc8a417896a620b56a7", size = 196772, upload-time = "2025-12-13T17:45:35.667Z" }
wheels = [
    { url = "https://files.pythonhosted.org/packages/c7/b0/003792df09decd6849a5e39c28b513c06e84436a54440380862b5aeff25d/tzdata-2025.3-py2.py3-none-any.whl", hash = "sha256:06a47e5700f3081aab02b2e513160914ff0694bce9947d6b76ebd6bf57cfc5d1", size = 348521, upload-time = "2025-12-13T17:45:33.889Z" },
]
